
Microsoft Visual Studio Solution File, Format Version 12.00
# Visual Studio 15
VisualStudioVersion = 15.0.26730.15
MinimumVisualStudioVersion = 10.0.40219.1
Project("{FAE04EC0-301F-11D3-BF4B-00C04F79EFBC}") = "MCAssignment2", "MCAssignment2\MCAssignment2.csproj", "{69074832-3418-4BBB-AE21-49EE36EEA541}"
EndProject
Project("{FAE04EC0-301F-11D3-BF4B-00C04F79EFBC}") = "MCAssignment2.Tests", "MCAssignment2.Tests\MCAssignment2.Tests.csproj", "{463E8E77-1BA0-4A4B-B9E9-4B33EF1B339E}"
EndProject
Global
	GlobalSection(SolutionConfigurationPlatforms) = preSolution
		Debug|Any CPU = Debug|Any CPU
		Release|Any CPU = Release|Any CPU
	EndGlobalSection
	GlobalSection(ProjectConfigurationPlatforms) = postSolution
		{69074832-3418-4BBB-AE21-49EE36EEA541}.Debug|Any CPU.ActiveCfg = Debug|Any CPU
		{69074832-3418-4BBB-AE21-49EE36EEA541}.Debug|Any CPU.Build.0 = Debug|Any CPU
		{69074832-3418-4BBB-AE21-49EE36EEA541}.Release|Any CPU.ActiveCfg = Release|Any CPU
		{69074832-3418-4BBB-AE21-49EE36EEA541}.Release|Any CPU.Build.0 = Release|Any CPU
		{463E8E77-1BA0-4A4B-B9E9-4B33EF1B339E}.Debug|Any CPU.ActiveCfg = Debug|Any CPU
		{463E8E77-1BA0-4A4B-B9E9-4B33EF1B339E}.Debug|Any CPU.Build.0 = Debug|Any CPU
		{463E8E77-1BA0-4A4B-B9E9-4B33EF1B339E}.Release|Any CPU.ActiveCfg = Release|Any CPU
		{463E8E77-1BA0-4A4B-B9E9-4B33EF1B339E}.Release|Any CPU.Build.0 = Release|Any CPU
	EndGlobalSection
	GlobalSection(SolutionProperties) = preSolution
		HideSolutionNode = FALSE
	EndGlobalSection
	GlobalSection(ExtensibilityGlobals) = postSolution
		SolutionGuid = {0412FA78-A504-43A6-94F2-5CA387B9D358}
	EndGlobalSection
EndGlobal
